
Microsoft Visual Studio Solution File, Format Version 12.00
# Visual Studio Version 17
VisualStudioVersion = 17.7.34018.315
MinimumVisualStudioVersion = 10.0.40219.1
Project("{9A19103F-16F7-4668-BE54-9A1E7A4F7556}") = "PotentialWaffle", "PotentialWaffle.csproj", "{2B6967E2-5DCB-4AC0-B8C5-0A1F8994794A}"
EndProject
Global
	GlobalSection(SolutionConfigurationPlatforms) = preSolution
		Debug|Any CPU = Debug|Any CPU
		Release|Any CPU = Release|Any CPU
	EndGlobalSection
	GlobalSection(ProjectConfigurationPlatforms) = postSolution
		{2B6967E2-5DCB-4AC0-B8C5-0A1F8994794A}.Debug|Any CPU.ActiveCfg = Debug|Any CPU
		{2B6967E2-5DCB-4AC0-B8C5-0A1F8994794A}.Debug|Any CPU.Build.0 = Debug|Any CPU
		{2B6967E2-5DCB-4AC0-B8C5-0A1F8994794A}.Release|Any CPU.ActiveCfg = Release|Any CPU
		{2B6967E2-5DCB-4AC0-B8C5-0A1F8994794A}.Release|Any CPU.Build.0 = Release|Any CPU
	EndGlobalSection
	GlobalSection(SolutionProperties) = preSolution
		HideSolutionNode = FALSE
	EndGlobalSection
	GlobalSection(ExtensibilityGlobals) = postSolution
		SolutionGuid = {A00312E2-58B1-4348-AD69-D2EB75059D74}
	EndGlobalSection
EndGlobal
